// !$*UTF8*$!
{
	archiveVersion = 1;
	classes = {
	};
	objectVersion = 56;
	objects = {

/* Begin PBXBuildFile section */
		D07F514F2C44D49E0067A9AD /* AppDelegate.swift in Sources */ = {isa = PBXBuildFile; fileRef = D07F514E2C44D49E0067A9AD /* AppDelegate.swift */; };
		D07F51512C44D49E0067A9AD /* SceneDelegate.swift in Sources */ = {isa = PBXBuildFile; fileRef = D07F51502C44D49E0067A9AD /* SceneDelegate.swift */; };
		D07F51562C44D49E0067A9AD /* Base in Resources */ = {isa = PBXBuildFile; fileRef = D07F51552C44D49E0067A9AD /* Base */; };
		D07F51582C44D4A00067A9AD /* Assets.xcassets in Resources */ = {isa = PBXBuildFile; fileRef = D07F51572C44D4A00067A9AD /* Assets.xcassets */; };
		D07F515B2C44D4A00067A9AD /* Base in Resources */ = {isa = PBXBuildFile; fileRef = D07F515A2C44D4A00067A9AD /* Base */; };
		D0F6B2B82C460A2400E244F1 /* TeacherListViewController.swift in Sources */ = {isa = PBXBuildFile; fileRef = D0F6B2B62C460A2400E244F1 /* TeacherListViewController.swift */; };
		D0F6B2B92C460A2400E244F1 /* TeacherListViewController.xib in Resources */ = {isa = PBXBuildFile; fileRef = D0F6B2B72C460A2400E244F1 /* TeacherListViewController.xib */; };
		D0F6B2BB2C460B3800E244F1 /* SignInViewController.swift in Sources */ = {isa = PBXBuildFile; fileRef = D0F6B2BA2C460B3800E244F1 /* SignInViewController.swift */; };
		D0F6B2C22C4613BF00E244F1 /* TeacherCell.swift in Sources */ = {isa = PBXBuildFile; fileRef = D0F6B2C02C4613BF00E244F1 /* TeacherCell.swift */; };
		D0F6B2C32C4613BF00E244F1 /* TeacherCell.xib in Resources */ = {isa = PBXBuildFile; fileRef = D0F6B2C12C4613BF00E244F1 /* TeacherCell.xib */; };
		D0F6B2CA2C46370200E244F1 /* TeacherDetailsViewController.swift in Sources */ = {isa = PBXBuildFile; fileRef = D0F6B2C82C46370100E244F1 /* TeacherDetailsViewController.swift */; };
		D0F6B2CB2C46370200E244F1 /* TeacherDetailsViewController.xib in Resources */ = {isa = PBXBuildFile; fileRef = D0F6B2C92C46370100E244F1 /* TeacherDetailsViewController.xib */; };
		D0F6B2CE2C46494800E244F1 /* BannerCell.xib in Resources */ = {isa = PBXBuildFile; fileRef = D0F6B2CD2C46494800E244F1 /* BannerCell.xib */; };
		D0F6B2CF2C46494800E244F1 /* BannerCell.swift in Sources */ = {isa = PBXBuildFile; fileRef = D0F6B2CC2C46494800E244F1 /* BannerCell.swift */; };
/* End PBXBuildFile section */

/* Begin PBXFileReference section */
		D07F514B2C44D49E0067A9AD /* day1-exercise.app */ = {isa = PBXFileReference; explicitFileType = wrapper.application; includeInIndex = 0; path = "day1-exercise.app"; sourceTree = BUILT_PRODUCTS_DIR; };
		D07F514E2C44D49E0067A9AD /* AppDelegate.swift */ = {isa = PBXFileReference; lastKnownFileType = sourcecode.swift; path = AppDelegate.swift; sourceTree = "<group>"; };
		D07F51502C44D49E0067A9AD /* SceneDelegate.swift */ = {isa = PBXFileReference; lastKnownFileType = sourcecode.swift; path = SceneDelegate.swift; sourceTree = "<group>"; };
		D07F51552C44D49E0067A9AD /* Base */ = {isa = PBXFileReference; lastKnownFileType = file.storyboard; name = Base; path = Base.lproj/Main.storyboard; sourceTree = "<group>"; };
		D07F51572C44D4A00067A9AD /* Assets.xcassets */ = {isa = PBXFileReference; lastKnownFileType = folder.assetcatalog; path = Assets.xcassets; sourceTree = "<group>"; };
		D07F515A2C44D4A00067A9AD /* Base */ = {isa = PBXFileReference; lastKnownFileType = file.storyboard; name = Base; path = Base.lproj/LaunchScreen.storyboard; sourceTree = "<group>"; };
		D07F515C2C44D4A00067A9AD /* Info.plist */ = {isa = PBXFileReference; lastKnownFileType = text.plist.xml; path = Info.plist; sourceTree = "<group>"; };
		D0F6B2B62C460A2400E244F1 /* TeacherListViewController.swift */ = {isa = PBXFileReference; lastKnownFileType = sourcecode.swift; path = TeacherListViewController.swift; sourceTree = "<group>"; };
		D0F6B2B72C460A2400E244F1 /* TeacherListViewController.xib */ = {isa = PBXFileReference; lastKnownFileType = file.xib; path = TeacherListViewController.xib; sourceTree = "<group>"; };
		D0F6B2BA2C460B3800E244F1 /* SignInViewController.swift */ = {isa = PBXFileReference; lastKnownFileType = sourcecode.swift; path = SignInViewController.swift; sourceTree = "<group>"; };
		D0F6B2C02C4613BF00E244F1 /* TeacherCell.swift */ = {isa = PBXFileReference; lastKnownFileType = sourcecode.swift; path = TeacherCell.swift; sourceTree = "<group>"; };
		D0F6B2C12C4613BF00E244F1 /* TeacherCell.xib */ = {isa = PBXFileReference; lastKnownFileType = file.xib; path = TeacherCell.xib; sourceTree = "<group>"; };
		D0F6B2C82C46370100E244F1 /* TeacherDetailsViewController.swift */ = {isa = PBXFileReference; lastKnownFileType = sourcecode.swift; path = TeacherDetailsViewController.swift; sourceTree = "<group>"; };
		D0F6B2C92C46370100E244F1 /* TeacherDetailsViewController.xib */ = {isa = PBXFileReference; lastKnownFileType = file.xib; path = TeacherDetailsViewController.xib; sourceTree = "<group>"; };
		D0F6B2CC2C46494800E244F1 /* BannerCell.swift */ = {isa = PBXFileReference; lastKnownFileType = sourcecode.swift; path = BannerCell.swift; sourceTree = "<group>"; };
		D0F6B2CD2C46494800E244F1 /* BannerCell.xib */ = {isa = PBXFileReference; lastKnownFileType = file.xib; path = BannerCell.xib; sourceTree = "<group>"; };
/* End PBXFileReference section */

/* Begin PBXFrameworksBuildPhase section */
		D07F51482C44D49E0067A9AD /* Frameworks */ = {
			isa = PBXFrameworksBuildPhase;
			buildActionMask = 2147483647;
			files = (
			);
			runOnlyForDeploymentPostprocessing = 0;
		};
/* End PBXFrameworksBuildPhase section */

/* Begin PBXGroup section */
		D07F51422C44D49E0067A9AD = {
			isa = PBXGroup;
			children = (
				D07F514D2C44D49E0067A9AD /* day1-exercise */,
				D07F514C2C44D49E0067A9AD /* Products */,
			);
			sourceTree = "<group>";
		};
		D07F514C2C44D49E0067A9AD /* Products */ = {
			isa = PBXGroup;
			children = (
				D07F514B2C44D49E0067A9AD /* day1-exercise.app */,
			);
			name = Products;
			sourceTree = "<group>";
		};
		D07F514D2C44D49E0067A9AD /* day1-exercise */ = {
			isa = PBXGroup;
			children = (
				D07F514E2C44D49E0067A9AD /* AppDelegate.swift */,
				D07F51502C44D49E0067A9AD /* SceneDelegate.swift */,
				D0F6B2BA2C460B3800E244F1 /* SignInViewController.swift */,
				D0F6B2B62C460A2400E244F1 /* TeacherListViewController.swift */,
				D0F6B2C02C4613BF00E244F1 /* TeacherCell.swift */,
				D0F6B2CC2C46494800E244F1 /* BannerCell.swift */,
				D0F6B2CD2C46494800E244F1 /* BannerCell.xib */,
				D0F6B2C82C46370100E244F1 /* TeacherDetailsViewController.swift */,
				D0F6B2C92C46370100E244F1 /* TeacherDetailsViewController.xib */,
				D0F6B2C12C4613BF00E244F1 /* TeacherCell.xib */,
				D0F6B2B72C460A2400E244F1 /* TeacherListViewController.xib */,
				D07F51542C44D49E0067A9AD /* Main.storyboard */,
				D07F51572C44D4A00067A9AD /* Assets.xcassets */,
				D07F51592C44D4A00067A9AD /* LaunchScreen.storyboard */,
				D07F515C2C44D4A00067A9AD /* Info.plist */,
			);
			path = "day1-exercise";
			sourceTree = "<group>";
		};
/* End PBXGroup section */

/* Begin PBXNativeTarget section */
		D07F514A2C44D49E0067A9AD /* day1-exercise */ = {
			isa = PBXNativeTarget;
			buildConfigurationList = D07F515F2C44D4A00067A9AD /* Build configuration list for PBXNativeTarget "day1-exercise" */;
			buildPhases = (
				D07F51472C44D49E0067A9AD /* Sources */,
				D07F51482C44D49E0067A9AD /* Frameworks */,
				D07F51492C44D49E0067A9AD /* Resources */,
			);
			buildRules = (
			);
			dependencies = (
			);
			name = "day1-exercise";
			productName = "day1-exercise";
			productReference = D07F514B2C44D49E0067A9AD /* day1-exercise.app */;
			productType = "com.apple.product-type.application";
		};
/* End PBXNativeTarget section */

/* Begin PBXProject section */
		D07F51432C44D49E0067A9AD /* Project object */ = {
			isa = PBXProject;
			attributes = {
				BuildIndependentTargetsInParallel = 1;
				LastSwiftUpdateCheck = 1540;
				LastUpgradeCheck = 1540;
				TargetAttributes = {
					D07F514A2C44D49E0067A9AD = {
						CreatedOnToolsVersion = 15.4;
					};
				};
			};
			buildConfigurationList = D07F51462C44D49E0067A9AD /* Build configuration list for PBXProject "day1-exercise" */;
			compatibilityVersion = "Xcode 14.0";
			developmentRegion = en;
			hasScannedForEncodings = 0;
			knownRegions = (
				en,
				Base,
			);
			mainGroup = D07F51422C44D49E0067A9AD;
			productRefGroup = D07F514C2C44D49E0067A9AD /* Products */;
			projectDirPath = "";
			projectRoot = "";
			targets = (
				D07F514A2C44D49E0067A9AD /* day1-exercise */,
			);
		};
/* End PBXProject section */

/* Begin PBXResourcesBuildPhase section */
		D07F51492C44D49E0067A9AD /* Resources */ = {
			isa = PBXResourcesBuildPhase;
			buildActionMask = 2147483647;
			files = (
				D07F51582C44D4A00067A9AD /* Assets.xcassets in Resources */,
				D0F6B2B92C460A2400E244F1 /* TeacherListViewController.xib in Resources */,
				D0F6B2CB2C46370200E244F1 /* TeacherDetailsViewController.xib in Resources */,
				D0F6B2CE2C46494800E244F1 /* BannerCell.xib in Resources */,
				D0F6B2C32C4613BF00E244F1 /* TeacherCell.xib in Resources */,
				D07F515B2C44D4A00067A9AD /* Base in Resources */,
				D07F51562C44D49E0067A9AD /* Base in Resources */,
			);
			runOnlyForDeploymentPostprocessing = 0;
		};
/* End PBXResourcesBuildPhase section */

/* Begin PBXSourcesBuildPhase section */
		D07F51472C44D49E0067A9AD /* Sources */ = {
			isa = PBXSourcesBuildPhase;
			buildActionMask = 2147483647;
			files = (
				D0F6B2CF2C46494800E244F1 /* BannerCell.swift in Sources */,
				D0F6B2CA2C46370200E244F1 /* TeacherDetailsViewController.swift in Sources */,
				D0F6B2B82C460A2400E244F1 /* TeacherListViewController.swift in Sources */,
				D0F6B2BB2C460B3800E244F1 /* SignInViewController.swift in Sources */,
				D07F514F2C44D49E0067A9AD /* AppDelegate.swift in Sources */,
				D0F6B2C22C4613BF00E244F1 /* TeacherCell.swift in Sources */,
				D07F51512C44D49E0067A9AD /* SceneDelegate.swift in Sources */,
			);
			runOnlyForDeploymentPostprocessing = 0;
		};
/* End PBXSourcesBuildPhase section */

/* Begin PBXVariantGroup section */
		D07F51542C44D49E0067A9AD /* Main.storyboard */ = {
			isa = PBXVariantGroup;
			children = (
				D07F51552C44D49E0067A9AD /* Base */,
			);
			name = Main.storyboard;
			sourceTree = "<group>";
		};
		D07F51592C44D4A00067A9AD /* LaunchScreen.storyboard */ = {
			isa = PBXVariantGroup;
			children = (
				D07F515A2C44D4A00067A9AD /* Base */,
			);
			name = LaunchScreen.storyboard;
			sourceTree = "<group>";
		};
/* End PBXVariantGroup section */

/* Begin XCBuildConfiguration section */
		D07F515D2C44D4A00067A9AD /* Debug */ = {
			isa = XCBuildConfiguration;
			buildSettings = {
				ALWAYS_SEARCH_USER_PATHS = NO;
				ASSETCATALOG_COMPILER_GENERATE_SWIFT_ASSET_SYMBOL_EXTENSIONS = YES;
				CLANG_ANALYZER_NONNULL = YES;
				CLANG_ANALYZER_NUMBER_OBJECT_CONVERSION = YES_AGGRESSIVE;
				CLANG_CXX_LANGUAGE_STANDARD = "gnu++20";
				CLANG_ENABLE_MODULES = YES;
				CLANG_ENABLE_OBJC_ARC = YES;
				CLANG_ENABLE_OBJC_WEAK = YES;
				CLANG_WARN_BLOCK_CAPTURE_AUTORELEASING = YES;
				CLANG_WARN_BOOL_CONVERSION = YES;
				CLANG_WARN_COMMA = YES;
				CLANG_WARN_CONSTANT_CONVERSION = YES;
				CLANG_WARN_DEPRECATED_OBJC_IMPLEMENTATIONS = YES;
				CLANG_WARN_DIRECT_OBJC_ISA_USAGE = YES_ERROR;
				CLANG_WARN_DOCUMENTATION_COMMENTS = YES;
				CLANG_WARN_EMPTY_BODY = YES;
				CLANG_WARN_ENUM_CONVERSION = YES;
				CLANG_WARN_INFINITE_RECURSION = YES;
				CLANG_WARN_INT_CONVERSION = YES;
				CLANG_WARN_NON_LITERAL_NULL_CONVERSION = YES;
				CLANG_WARN_OBJC_IMPLICIT_RETAIN_SELF = YES;
				CLANG_WARN_OBJC_LITERAL_CONVERSION = YES;
				CLANG_WARN_OBJC_ROOT_CLASS = YES_ERROR;
				CLANG_WARN_QUOTED_INCLUDE_IN_FRAMEWORK_HEADER = YES;
				CLANG_WARN_RANGE_LOOP_ANALYSIS = YES;
				CLANG_WARN_STRICT_PROTOTYPES = YES;
				CLANG_WARN_SUSPICIOUS_MOVE = YES;
				CLANG_WARN_UNGUARDED_AVAILABILITY = YES_AGGRESSIVE;
				CLANG_WARN_UNREACHABLE_CODE = YES;
				CLANG_WARN__DUPLICATE_METHOD_MATCH = YES;
				COPY_PHASE_STRIP = NO;
				DEBUG_INFORMATION_FORMAT = dwarf;
				ENABLE_STRICT_OBJC_MSGSEND = YES;
				ENABLE_TESTABILITY = YES;
				ENABLE_USER_SCRIPT_SANDBOXING = YES;
				GCC_C_LANGUAGE_STANDARD = gnu17;
				GCC_DYNAMIC_NO_PIC = NO;
				GCC_NO_COMMON_BLOCKS = YES;
				GCC_OPTIMIZATION_LEVEL = 0;
				GCC_PREPROCESSOR_DEFINITIONS = (
					"DEBUG=1",
					"$(inherited)",
				);
				GCC_WARN_64_TO_32_BIT_CONVERSION = YES;
				GCC_WARN_ABOUT_RETURN_TYPE = YES_ERROR;
				GCC_WARN_UNDECLARED_SELECTOR = YES;
				GCC_WARN_UNINITIALIZED_AUTOS = YES_AGGRESSIVE;
				GCC_WARN_UNUSED_FUNCTION = YES;
				GCC_WARN_UNUSED_VARIABLE = YES;
				IPHONEOS_DEPLOYMENT_TARGET = 17.5;
				LOCALIZATION_PREFERS_STRING_CATALOGS = YES;
				MTL_ENABLE_DEBUG_INFO = INCLUDE_SOURCE;
				MTL_FAST_MATH = YES;
				ONLY_ACTIVE_ARCH = YES;
				SDKROOT = iphoneos;
				SWIFT_ACTIVE_COMPILATION_CONDITIONS = "DEBUG $(inherited)";
				SWIFT_OPTIMIZATION_LEVEL = "-Onone";
			};
			name = Debug;
		};
		D07F515E2C44D4A00067A9AD /* Release */ = {
			isa = XCBuildConfiguration;
			buildSettings = {
				ALWAYS_SEARCH_USER_PATHS = NO;
				ASSETCATALOG_COMPILER_GENERATE_SWIFT_ASSET_SYMBOL_EXTENSIONS = YES;
				CLANG_ANALYZER_NONNULL = YES;
				CLANG_ANALYZER_NUMBER_OBJECT_CONVERSION = YES_AGGRESSIVE;
				CLANG_CXX_LANGUAGE_STANDARD = "gnu++20";
				CLANG_ENABLE_MODULES = YES;
				CLANG_ENABLE_OBJC_ARC = YES;
				CLANG_ENABLE_OBJC_WEAK = YES;
				CLANG_WARN_BLOCK_CAPTURE_AUTORELEASING = YES;
				CLANG_WARN_BOOL_CONVERSION = YES;
				CLANG_WARN_COMMA = YES;
				CLANG_WARN_CONSTANT_CONVERSION = YES;
				CLANG_WARN_DEPRECATED_OBJC_IMPLEMENTATIONS = YES;
				CLANG_WARN_DIRECT_OBJC_ISA_USAGE = YES_ERROR;
				CLANG_WARN_DOCUMENTATION_COMMENTS = YES;
				CLANG_WARN_EMPTY_BODY = YES;
				CLANG_WARN_ENUM_CONVERSION = YES;
				CLANG_WARN_INFINITE_RECURSION = YES;
				CLANG_WARN_INT_CONVERSION = YES;
				CLANG_WARN_NON_LITERAL_NULL_CONVERSION = YES;
				CLANG_WARN_OBJC_IMPLICIT_RETAIN_SELF = YES;
				CLANG_WARN_OBJC_LITERAL_CONVERSION = YES;
				CLANG_WARN_OBJC_ROOT_CLASS = YES_ERROR;
				CLANG_WARN_QUOTED_INCLUDE_IN_FRAMEWORK_HEADER = YES;
				CLANG_WARN_RANGE_LOOP_ANALYSIS = YES;
				CLANG_WARN_STRICT_PROTOTYPES = YES;
				CLANG_WARN_SUSPICIOUS_MOVE = YES;
				CLANG_WARN_UNGUARDED_AVAILABILITY = YES_AGGRESSIVE;
				CLANG_WARN_UNREACHABLE_CODE = YES;
				CLANG_WARN__DUPLICATE_METHOD_MATCH = YES;
				COPY_PHASE_STRIP = NO;
				DEBUG_INFORMATION_FORMAT = "dwarf-with-dsym";
				ENABLE_NS_ASSERTIONS = NO;
				ENABLE_STRICT_OBJC_MSGSEND = YES;
				ENABLE_USER_SCRIPT_SANDBOXING = YES;
				GCC_C_LANGUAGE_STANDARD = gnu17;
				GCC_NO_COMMON_BLOCKS = YES;
				GCC_WARN_64_TO_32_BIT_CONVERSION = YES;
				GCC_WARN_ABOUT_RETURN_TYPE = YES_ERROR;
				GCC_WARN_UNDECLARED_SELECTOR = YES;
				GCC_WARN_UNINITIALIZED_AUTOS = YES_AGGRESSIVE;
				GCC_WARN_UNUSED_FUNCTION = YES;
				GCC_WARN_UNUSED_VARIABLE = YES;
				IPHONEOS_DEPLOYMENT_TARGET = 17.5;
				LOCALIZATION_PREFERS_STRING_CATALOGS = YES;
				MTL_ENABLE_DEBUG_INFO = NO;
				MTL_FAST_MATH = YES;
				SDKROOT = iphoneos;
				SWIFT_COMPILATION_MODE = wholemodule;
				VALIDATE_PRODUCT = YES;
			};
			name = Release;
		};
		D07F51602C44D4A00067A9AD /* Debug */ = {
			isa = XCBuildConfiguration;
			buildSettings = {
				ASSETCATALOG_COMPILER_APPICON_NAME = AppIcon;
				ASSETCATALOG_COMPILER_GLOBAL_ACCENT_COLOR_NAME = AccentColor;
				CODE_SIGN_STYLE = Automatic;
				CURRENT_PROJECT_VERSION = 1;
				GENERATE_INFOPLIST_FILE = YES;
				INFOPLIST_FILE = "day1-exercise/Info.plist";
				INFOPLIST_KEY_UIApplicationSupportsIndirectInputEvents = YES;
				INFOPLIST_KEY_UILaunchStoryboardName = LaunchScreen;
				INFOPLIST_KEY_UIMainStoryboardFile = Main;
				INFOPLIST_KEY_UISupportedInterfaceOrientations_iPad = "UIInterfaceOrientationPortrait UIInterfaceOrientationPortraitUpsideDown UIInterfaceOrientationLandscapeLeft UIInterfaceOrientationLandscapeRight";
				INFOPLIST_KEY_UISupportedInterfaceOrientations_iPhone = "UIInterfaceOrientationPortrait UIInterfaceOrientationLandscapeLeft UIInterfaceOrientationLandscapeRight";
				LD_RUNPATH_SEARCH_PATHS = (
					"$(inherited)",
					"@executable_path/Frameworks",
				);
				MARKETING_VERSION = 1.0;
				PRODUCT_BUNDLE_IDENTIFIER = "ios.training.day1-exercise";
				PRODUCT_NAME = "$(TARGET_NAME)";
				SWIFT_EMIT_LOC_STRINGS = YES;
				SWIFT_VERSION = 5.0;
				TARGETED_DEVICE_FAMILY = "1,2";
			};
			name = Debug;
		};
		D07F51612C44D4A00067A9AD /* Release */ = {
			isa = XCBuildConfiguration;
			buildSettings = {
				ASSETCATALOG_COMPILER_APPICON_NAME = AppIcon;
				ASSETCATALOG_COMPILER_GLOBAL_ACCENT_COLOR_NAME = AccentColor;
				CODE_SIGN_STYLE = Automatic;
				CURRENT_PROJECT_VERSION = 1;
				GENERATE_INFOPLIST_FILE = YES;
				INFOPLIST_FILE = "day1-exercise/Info.plist";
				INFOPLIST_KEY_UIApplicationSupportsIndirectInputEvents = YES;
				INFOPLIST_KEY_UILaunchStoryboardName = LaunchScreen;
				INFOPLIST_KEY_UIMainStoryboardFile = Main;
				INFOPLIST_KEY_UISupportedInterfaceOrientations_iPad = "UIInterfaceOrientationPortrait UIInterfaceOrientationPortraitUpsideDown UIInterfaceOrientationLandscapeLeft UIInterfaceOrientationLandscapeRight";
				INFOPLIST_KEY_UISupportedInterfaceOrientations_iPhone = "UIInterfaceOrientationPortrait UIInterfaceOrientationLandscapeLeft UIInterfaceOrientationLandscapeRight";
				LD_RUNPATH_SEARCH_PATHS = (
					"$(inherited)",
					"@executable_path/Frameworks",
				);
				MARKETING_VERSION = 1.0;
				PRODUCT_BUNDLE_IDENTIFIER = "ios.training.day1-exercise";
				PRODUCT_NAME = "$(TARGET_NAME)";
				SWIFT_EMIT_LOC_STRINGS = YES;
				SWIFT_VERSION = 5.0;
				TARGETED_DEVICE_FAMILY = "1,2";
			};
			name = Release;
		};
/* End XCBuildConfiguration section */

/* Begin XCConfigurationList section */
		D07F51462C44D49E0067A9AD /* Build configuration list for PBXProject "day1-exercise" */ = {
			isa = XCConfigurationList;
			buildConfigurations = (
				D07F515D2C44D4A00067A9AD /* Debug */,
				D07F515E2C44D4A00067A9AD /* Release */,
			);
			defaultConfigurationIsVisible = 0;
			defaultConfigurationName = Release;
		};
		D07F515F2C44D4A00067A9AD /* Build configuration list for PBXNativeTarget "day1-exercise" */ = {
			isa = XCConfigurationList;
			buildConfigurations = (
				D07F51602C44D4A00067A9AD /* Debug */,
				D07F51612C44D4A00067A9AD /* Release */,
			);
			defaultConfigurationIsVisible = 0;
			defaultConfigurationName = Release;
		};
/* End XCConfigurationList section */
	};
	rootObject = D07F51432C44D49E0067A9AD /* Project object */;
}
